// !$*UTF8*$!
{
	archiveVersion = 1;
	classes = {
	};
	objectVersion = 50;
	objects = {

/* Begin PBXBuildFile section */
		043D098721E08C0200235CED /* ExportHeaderModel.m in Sources */ = {isa = PBXBuildFile; fileRef = 043D098621E08C0200235CED /* ExportHeaderModel.m */; };
		043D098A21E08C7600235CED /* ExportDataModel.m in Sources */ = {isa = PBXBuildFile; fileRef = 043D098921E08C7600235CED /* ExportDataModel.m */; };
		043D098D21E08CBF00235CED /* ExportFooterModel.m in Sources */ = {isa = PBXBuildFile; fileRef = 043D098C21E08CBF00235CED /* ExportFooterModel.m */; };
		043D099321E0D4B400235CED /* XmlBuilder.m in Sources */ = {isa = PBXBuildFile; fileRef = 043D099221E0D4B400235CED /* XmlBuilder.m */; };
		043D099621E0D57900235CED /* Director.m in Sources */ = {isa = PBXBuildFile; fileRef = 043D099521E0D57900235CED /* Director.m */; };
		812163EA21E4684D003EE2C1 /* GigaMainBoard.m in Sources */ = {isa = PBXBuildFile; fileRef = 812163E921E4684D003EE2C1 /* GigaMainBoard.m */; };
		812163EE21E46936003EE2C1 /* OpenCommand.m in Sources */ = {isa = PBXBuildFile; fileRef = 812163ED21E46936003EE2C1 /* OpenCommand.m */; };
		812163F121E46A11003EE2C1 /* Box.m in Sources */ = {isa = PBXBuildFile; fileRef = 812163F021E46A11003EE2C1 /* Box.m */; };
		812163F421E476CF003EE2C1 /* ResetCommand.m in Sources */ = {isa = PBXBuildFile; fileRef = 812163F321E476CF003EE2C1 /* ResetCommand.m */; };
		812163F821E4807A003EE2C1 /* LoginModel.m in Sources */ = {isa = PBXBuildFile; fileRef = 812163F721E4807A003EE2C1 /* LoginModel.m */; };
		812163FB21E480D4003EE2C1 /* LoginTemplate.m in Sources */ = {isa = PBXBuildFile; fileRef = 812163FA21E480D4003EE2C1 /* LoginTemplate.m */; };
		812163FE21E482FF003EE2C1 /* NormalLogin.m in Sources */ = {isa = PBXBuildFile; fileRef = 812163FD21E482FF003EE2C1 /* NormalLogin.m */; };
		8121640121E48374003EE2C1 /* WorkerLogin.m in Sources */ = {isa = PBXBuildFile; fileRef = 8121640021E48374003EE2C1 /* WorkerLogin.m */; };
		8150F3C121E5887400222A63 /* NormalCustomerStrategy.m in Sources */ = {isa = PBXBuildFile; fileRef = 8150F3C021E5887400222A63 /* NormalCustomerStrategy.m */; };
		8150F3C421E5890300222A63 /* OldCustomerStrategy.m in Sources */ = {isa = PBXBuildFile; fileRef = 8150F3C321E5890300222A63 /* OldCustomerStrategy.m */; };
		8150F3C721E58A3C00222A63 /* LargeCustomerStrategy.m in Sources */ = {isa = PBXBuildFile; fileRef = 8150F3C621E58A3C00222A63 /* LargeCustomerStrategy.m */; };
		8150F3CA21E58A7F00222A63 /* Price.m in Sources */ = {isa = PBXBuildFile; fileRef = 8150F3C921E58A7F00222A63 /* Price.m */; };
		8150F3CE21E59A3200222A63 /* Customer.m in Sources */ = {isa = PBXBuildFile; fileRef = 8150F3CD21E59A3200222A63 /* Customer.m */; };
		8150F3D221E59B4500222A63 /* EnterpriseCustomer.m in Sources */ = {isa = PBXBuildFile; fileRef = 8150F3D121E59B4500222A63 /* EnterpriseCustomer.m */; };
		8150F3D521E59C2600222A63 /* PersonalCustomer.m in Sources */ = {isa = PBXBuildFile; fileRef = 8150F3D421E59C2600222A63 /* PersonalCustomer.m */; };
		8150F3D821E59D3500222A63 /* ServiceRequestVisitor.m in Sources */ = {isa = PBXBuildFile; fileRef = 8150F3D721E59D3500222A63 /* ServiceRequestVisitor.m */; };
		8150F3DB21E59E4A00222A63 /* PredilectionAnalyzeVisitor.m in Sources */ = {isa = PBXBuildFile; fileRef = 8150F3DA21E59E4A00222A63 /* PredilectionAnalyzeVisitor.m */; };
		8150F3DF21E5C69600222A63 /* FlowAMock.m in Sources */ = {isa = PBXBuildFile; fileRef = 8150F3DE21E5C69600222A63 /* FlowAMock.m */; };
		8150F3E321E5CA0400222A63 /* FlowAmementoCareTaker.m in Sources */ = {isa = PBXBuildFile; fileRef = 8150F3E221E5CA0400222A63 /* FlowAmementoCareTaker.m */; };
		817C494F21DF0F5E00FDBF6C /* AppDelegate.m in Sources */ = {isa = PBXBuildFile; fileRef = 817C494E21DF0F5E00FDBF6C /* AppDelegate.m */; };
		817C495221DF0F5E00FDBF6C /* ViewController.m in Sources */ = {isa = PBXBuildFile; fileRef = 817C495121DF0F5E00FDBF6C /* ViewController.m */; };
		817C495521DF0F5E00FDBF6C /* Main.storyboard in Resources */ = {isa = PBXBuildFile; fileRef = 817C495321DF0F5E00FDBF6C /* Main.storyboard */; };
		817C495721DF0F6000FDBF6C /* Assets.xcassets in Resources */ = {isa = PBXBuildFile; fileRef = 817C495621DF0F6000FDBF6C /* Assets.xcassets */; };
		817C495A21DF0F6000FDBF6C /* LaunchScreen.storyboard in Resources */ = {isa = PBXBuildFile; fileRef = 817C495821DF0F6000FDBF6C /* LaunchScreen.storyboard */; };
		817C495D21DF0F6000FDBF6C /* main.m in Sources */ = {isa = PBXBuildFile; fileRef = 817C495C21DF0F6000FDBF6C /* main.m */; };
		817C496721DF101B00FDBF6C /* DirtyWordApi.m in Sources */ = {isa = PBXBuildFile; fileRef = 817C496621DF101B00FDBF6C /* DirtyWordApi.m */; };
		817C496B21DF209B00FDBF6C /* ReadingPoem.m in Sources */ = {isa = PBXBuildFile; fileRef = 817C496A21DF209B00FDBF6C /* ReadingPoem.m */; };
		817C496E21DF210000FDBF6C /* SimpleFactory.m in Sources */ = {isa = PBXBuildFile; fileRef = 817C496D21DF210000FDBF6C /* SimpleFactory.m */; };
		817C497721DF2A7600FDBF6C /* ExportTxtFile.m in Sources */ = {isa = PBXBuildFile; fileRef = 817C497621DF2A7600FDBF6C /* ExportTxtFile.m */; };
		817C497A21DF2B0600FDBF6C /* ExportDB.m in Sources */ = {isa = PBXBuildFile; fileRef = 817C497921DF2B0600FDBF6C /* ExportDB.m */; };
		817C498321DF353A00FDBF6C /* ExportOperate.m in Sources */ = {isa = PBXBuildFile; fileRef = 817C498221DF353A00FDBF6C /* ExportOperate.m */; };
		817C498621DF368300FDBF6C /* ExportTxtFileOperate.m in Sources */ = {isa = PBXBuildFile; fileRef = 817C498521DF368300FDBF6C /* ExportTxtFileOperate.m */; };
		81A4E46221E2E72300F8AFB7 /* TxtBuilder.m in Sources */ = {isa = PBXBuildFile; fileRef = 81A4E46021E2E72300F8AFB7 /* TxtBuilder.m */; };
		81A4E46921E2EE2000F8AFB7 /* IntelCPU.m in Sources */ = {isa = PBXBuildFile; fileRef = 81A4E46821E2EE2000F8AFB7 /* IntelCPU.m */; };
		81A4E46C21E2EEFC00F8AFB7 /* GAMainboard.m in Sources */ = {isa = PBXBuildFile; fileRef = 81A4E46B21E2EEFC00F8AFB7 /* GAMainboard.m */; };
		81A4E46F21E2F01500F8AFB7 /* Schema1.m in Sources */ = {isa = PBXBuildFile; fileRef = 81A4E46E21E2F01500F8AFB7 /* Schema1.m */; };
		81A4E47221E2F14B00F8AFB7 /* ComputerEngineer.m in Sources */ = {isa = PBXBuildFile; fileRef = 81A4E47121E2F14B00F8AFB7 /* ComputerEngineer.m */; };
		81A4E47721E317F300F8AFB7 /* AModuleImpl.m in Sources */ = {isa = PBXBuildFile; fileRef = 81A4E47621E317F300F8AFB7 /* AModuleImpl.m */; };
		81A4E47B21E3187300F8AFB7 /* BModuleImpl.m in Sources */ = {isa = PBXBuildFile; fileRef = 81A4E47921E3187300F8AFB7 /* BModuleImpl.m */; };
		81A4E47E21E318CD00F8AFB7 /* Facade.m in Sources */ = {isa = PBXBuildFile; fileRef = 81A4E47D21E318CD00F8AFB7 /* Facade.m */; };
		81A4E48221E31BD300F8AFB7 /* UserModelApi.m in Sources */ = {isa = PBXBuildFile; fileRef = 81A4E48121E31BD300F8AFB7 /* UserModelApi.m */; };
		81A4E48521E31C4C00F8AFB7 /* Proxy.m in Sources */ = {isa = PBXBuildFile; fileRef = 81A4E48421E31C4C00F8AFB7 /* Proxy.m */; };
		81A4E48821E31C9200F8AFB7 /* UserModel.m in Sources */ = {isa = PBXBuildFile; fileRef = 81A4E48721E31C9200F8AFB7 /* UserModel.m */; };
		81A4E48D21E3260C00F8AFB7 /* ConcreteComponent.m in Sources */ = {isa = PBXBuildFile; fileRef = 81A4E48C21E3260C00F8AFB7 /* ConcreteComponent.m */; };
		81A4E49021E326B000F8AFB7 /* Decorator.m in Sources */ = {isa = PBXBuildFile; fileRef = 81A4E48F21E326B000F8AFB7 /* Decorator.m */; };
		81A4E49321E32A5D00F8AFB7 /* MonthPrizeDecorator.m in Sources */ = {isa = PBXBuildFile; fileRef = 81A4E49221E32A5D00F8AFB7 /* MonthPrizeDecorator.m */; };
		81A4E49621E32B7E00F8AFB7 /* TempDB.m in Sources */ = {isa = PBXBuildFile; fileRef = 81A4E49521E32B7E00F8AFB7 /* TempDB.m */; };
		81A4E49921E32C3A00F8AFB7 /* SumPrizeDecorator.m in Sources */ = {isa = PBXBuildFile; fileRef = 81A4E49821E32C3A00F8AFB7 /* SumPrizeDecorator.m */; };
		81A4E49C21E32CC500F8AFB7 /* GroupPrizeDecorator.m in Sources */ = {isa = PBXBuildFile; fileRef = 81A4E49B21E32CC500F8AFB7 /* GroupPrizeDecorator.m */; };
/* End PBXBuildFile section */

/* Begin PBXFileReference section */
		043D098421E08A6E00235CED /* Builder.h */ = {isa = PBXFileReference; lastKnownFileType = sourcecode.c.h; path = Builder.h; sourceTree = "<group>"; };
		043D098521E08C0200235CED /* ExportHeaderModel.h */ = {isa = PBXFileReference; lastKnownFileType = sourcecode.c.h; path = ExportHeaderModel.h; sourceTree = "<group>"; };
		043D098621E08C0200235CED /* ExportHeaderModel.m */ = {isa = PBXFileReference; lastKnownFileType = sourcecode.c.objc; path = ExportHeaderModel.m; sourceTree = "<group>"; };
		043D098821E08C7600235CED /* ExportDataModel.h */ = {isa = PBXFileReference; lastKnownFileType = sourcecode.c.h; path = ExportDataModel.h; sourceTree = "<group>"; };
		043D098921E08C7600235CED /* ExportDataModel.m */ = {isa = PBXFileReference; lastKnownFileType = sourcecode.c.objc; path = ExportDataModel.m; sourceTree = "<group>"; };
		043D098B21E08CBF00235CED /* ExportFooterModel.h */ = {isa = PBXFileReference; lastKnownFileType = sourcecode.c.h; path = ExportFooterModel.h; sourceTree = "<group>"; };
		043D098C21E08CBF00235CED /* ExportFooterModel.m */ = {isa = PBXFileReference; lastKnownFileType = sourcecode.c.objc; path = ExportFooterModel.m; sourceTree = "<group>"; };
		043D099121E0D4B400235CED /* XmlBuilder.h */ = {isa = PBXFileReference; lastKnownFileType = sourcecode.c.h; path = XmlBuilder.h; sourceTree = "<group>"; };
		043D099221E0D4B400235CED /* XmlBuilder.m */ = {isa = PBXFileReference; lastKnownFileType = sourcecode.c.objc; path = XmlBuilder.m; sourceTree = "<group>"; };
		043D099421E0D57900235CED /* Director.h */ = {isa = PBXFileReference; lastKnownFileType = sourcecode.c.h; path = Director.h; sourceTree = "<group>"; };
		043D099521E0D57900235CED /* Director.m */ = {isa = PBXFileReference; lastKnownFileType = sourcecode.c.objc; path = Director.m; sourceTree = "<group>"; };
		812163E721E4681B003EE2C1 /* MainBoardApi.h */ = {isa = PBXFileReference; lastKnownFileType = sourcecode.c.h; path = MainBoardApi.h; sourceTree = "<group>"; };
		812163E821E4684D003EE2C1 /* GigaMainBoard.h */ = {isa = PBXFileReference; lastKnownFileType = sourcecode.c.h; path = GigaMainBoard.h; sourceTree = "<group>"; };
		812163E921E4684D003EE2C1 /* GigaMainBoard.m */ = {isa = PBXFileReference; lastKnownFileType = sourcecode.c.objc; path = GigaMainBoard.m; sourceTree = "<group>"; };
		812163EB21E468E6003EE2C1 /* Command.h */ = {isa = PBXFileReference; lastKnownFileType = sourcecode.c.h; path = Command.h; sourceTree = "<group>"; };
		812163EC21E46936003EE2C1 /* OpenCommand.h */ = {isa = PBXFileReference; lastKnownFileType = sourcecode.c.h; path = OpenCommand.h; sourceTree = "<group>"; };
		812163ED21E46936003EE2C1 /* OpenCommand.m */ = {isa = PBXFileReference; lastKnownFileType = sourcecode.c.objc; path = OpenCommand.m; sourceTree = "<group>"; };
		812163EF21E46A11003EE2C1 /* Box.h */ = {isa = PBXFileReference; lastKnownFileType = sourcecode.c.h; path = Box.h; sourceTree = "<group>"; };
		812163F021E46A11003EE2C1 /* Box.m */ = {isa = PBXFileReference; lastKnownFileType = sourcecode.c.objc; path = Box.m; sourceTree = "<group>"; };
		812163F221E476CF003EE2C1 /* ResetCommand.h */ = {isa = PBXFileReference; lastKnownFileType = sourcecode.c.h; path = ResetCommand.h; sourceTree = "<group>"; };
		812163F321E476CF003EE2C1 /* ResetCommand.m */ = {isa = PBXFileReference; lastKnownFileType = sourcecode.c.objc; path = ResetCommand.m; sourceTree = "<group>"; };
		812163F621E4807A003EE2C1 /* LoginModel.h */ = {isa = PBXFileReference; lastKnownFileType = sourcecode.c.h; path = LoginModel.h; sourceTree = "<group>"; };
		812163F721E4807A003EE2C1 /* LoginModel.m */ = {isa = PBXFileReference; lastKnownFileType = sourcecode.c.objc; path = LoginModel.m; sourceTree = "<group>"; };
		812163F921E480D4003EE2C1 /* LoginTemplate.h */ = {isa = PBXFileReference; lastKnownFileType = sourcecode.c.h; path = LoginTemplate.h; sourceTree = "<group>"; };
		812163FA21E480D4003EE2C1 /* LoginTemplate.m */ = {isa = PBXFileReference; lastKnownFileType = sourcecode.c.objc; path = LoginTemplate.m; sourceTree = "<group>"; };
		812163FC21E482FF003EE2C1 /* NormalLogin.h */ = {isa = PBXFileReference; lastKnownFileType = sourcecode.c.h; path = NormalLogin.h; sourceTree = "<group>"; };
		812163FD21E482FF003EE2C1 /* NormalLogin.m */ = {isa = PBXFileReference; lastKnownFileType = sourcecode.c.objc; path = NormalLogin.m; sourceTree = "<group>"; };
		812163FF21E48374003EE2C1 /* WorkerLogin.h */ = {isa = PBXFileReference; lastKnownFileType = sourcecode.c.h; path = WorkerLogin.h; sourceTree = "<group>"; };
		8121640021E48374003EE2C1 /* WorkerLogin.m */ = {isa = PBXFileReference; lastKnownFileType = sourcecode.c.objc; path = WorkerLogin.m; sourceTree = "<group>"; };
		8150F3BE21E5881E00222A63 /* Strategy.h */ = {isa = PBXFileReference; lastKnownFileType = sourcecode.c.h; path = Strategy.h; sourceTree = "<group>"; };
		8150F3BF21E5887400222A63 /* NormalCustomerStrategy.h */ = {isa = PBXFileReference; lastKnownFileType = sourcecode.c.h; path = NormalCustomerStrategy.h; sourceTree = "<group>"; };
		8150F3C021E5887400222A63 /* NormalCustomerStrategy.m */ = {isa = PBXFileReference; lastKnownFileType = sourcecode.c.objc; path = NormalCustomerStrategy.m; sourceTree = "<group>"; };
		8150F3C221E5890300222A63 /* OldCustomerStrategy.h */ = {isa = PBXFileReference; lastKnownFileType = sourcecode.c.h; path = OldCustomerStrategy.h; sourceTree = "<group>"; };
		8150F3C321E5890300222A63 /* OldCustomerStrategy.m */ = {isa = PBXFileReference; lastKnownFileType = sourcecode.c.objc; path = OldCustomerStrategy.m; sourceTree = "<group>"; };
		8150F3C521E58A3C00222A63 /* LargeCustomerStrategy.h */ = {isa = PBXFileReference; lastKnownFileType = sourcecode.c.h; path = LargeCustomerStrategy.h; sourceTree = "<group>"; };
		8150F3C621E58A3C00222A63 /* LargeCustomerStrategy.m */ = {isa = PBXFileReference; lastKnownFileType = sourcecode.c.objc; path = LargeCustomerStrategy.m; sourceTree = "<group>"; };
		8150F3C821E58A7F00222A63 /* Price.h */ = {isa = PBXFileReference; lastKnownFileType = sourcecode.c.h; path = Price.h; sourceTree = "<group>"; };
		8150F3C921E58A7F00222A63 /* Price.m */ = {isa = PBXFileReference; lastKnownFileType = sourcecode.c.objc; path = Price.m; sourceTree = "<group>"; };
		8150F3CC21E59A3200222A63 /* Customer.h */ = {isa = PBXFileReference; lastKnownFileType = sourcecode.c.h; path = Customer.h; sourceTree = "<group>"; };
		8150F3CD21E59A3200222A63 /* Customer.m */ = {isa = PBXFileReference; lastKnownFileType = sourcecode.c.objc; path = Customer.m; sourceTree = "<group>"; };
		8150F3CF21E59A8500222A63 /* Visitor.h */ = {isa = PBXFileReference; lastKnownFileType = sourcecode.c.h; path = Visitor.h; sourceTree = "<group>"; };
		8150F3D021E59B4500222A63 /* EnterpriseCustomer.h */ = {isa = PBXFileReference; lastKnownFileType = sourcecode.c.h; path = EnterpriseCustomer.h; sourceTree = "<group>"; };
		8150F3D121E59B4500222A63 /* EnterpriseCustomer.m */ = {isa = PBXFileReference; lastKnownFileType = sourcecode.c.objc; path = EnterpriseCustomer.m; sourceTree = "<group>"; };
		8150F3D321E59C2600222A63 /* PersonalCustomer.h */ = {isa = PBXFileReference; lastKnownFileType = sourcecode.c.h; path = PersonalCustomer.h; sourceTree = "<group>"; };
		8150F3D421E59C2600222A63 /* PersonalCustomer.m */ = {isa = PBXFileReference; lastKnownFileType = sourcecode.c.objc; path = PersonalCustomer.m; sourceTree = "<group>"; };
		8150F3D621E59D3500222A63 /* ServiceRequestVisitor.h */ = {isa = PBXFileReference; lastKnownFileType = sourcecode.c.h; path = ServiceRequestVisitor.h; sourceTree = "<group>"; };
		8150F3D721E59D3500222A63 /* ServiceRequestVisitor.m */ = {isa = PBXFileReference; lastKnownFileType = sourcecode.c.objc; path = ServiceRequestVisitor.m; sourceTree = "<group>"; };
		8150F3D921E59E4A00222A63 /* PredilectionAnalyzeVisitor.h */ = {isa = PBXFileReference; lastKnownFileType = sourcecode.c.h; path = PredilectionAnalyzeVisitor.h; sourceTree = "<group>"; };
		8150F3DA21E59E4A00222A63 /* PredilectionAnalyzeVisitor.m */ = {isa = PBXFileReference; lastKnownFileType = sourcecode.c.objc; path = PredilectionAnalyzeVisitor.m; sourceTree = "<group>"; };
		8150F3DD21E5C69600222A63 /* FlowAMock.h */ = {isa = PBXFileReference; lastKnownFileType = sourcecode.c.h; path = FlowAMock.h; sourceTree = "<group>"; };
		8150F3DE21E5C69600222A63 /* FlowAMock.m */ = {isa = PBXFileReference; lastKnownFileType = sourcecode.c.objc; path = FlowAMock.m; sourceTree = "<group>"; };
		8150F3E021E5C82900222A63 /* FlowAMockMemento.h */ = {isa = PBXFileReference; lastKnownFileType = sourcecode.c.h; path = FlowAMockMemento.h; sourceTree = "<group>"; };
		8150F3E121E5CA0400222A63 /* FlowAmementoCareTaker.h */ = {isa = PBXFileReference; lastKnownFileType = sourcecode.c.h; path = FlowAmementoCareTaker.h; sourceTree = "<group>"; };
		8150F3E221E5CA0400222A63 /* FlowAmementoCareTaker.m */ = {isa = PBXFileReference; lastKnownFileType = sourcecode.c.objc; path = FlowAmementoCareTaker.m; sourceTree = "<group>"; };
		817C494A21DF0F5E00FDBF6C /* designPatternLearning.app */ = {isa = PBXFileReference; explicitFileType = wrapper.application; includeInIndex = 0; path = designPatternLearning.app; sourceTree = BUILT_PRODUCTS_DIR; };
		817C494D21DF0F5E00FDBF6C /* AppDelegate.h */ = {isa = PBXFileReference; lastKnownFileType = sourcecode.c.h; path = AppDelegate.h; sourceTree = "<group>"; };
		817C494E21DF0F5E00FDBF6C /* AppDelegate.m */ = {isa = PBXFileReference; lastKnownFileType = sourcecode.c.objc; path = AppDelegate.m; sourceTree = "<group>"; };
		817C495021DF0F5E00FDBF6C /* ViewController.h */ = {isa = PBXFileReference; lastKnownFileType = sourcecode.c.h; path = ViewController.h; sourceTree = "<group>"; };
		817C495121DF0F5E00FDBF6C /* ViewController.m */ = {isa = PBXFileReference; lastKnownFileType = sourcecode.c.objc; path = ViewController.m; sourceTree = "<group>"; };
		817C495421DF0F5E00FDBF6C /* Base */ = {isa = PBXFileReference; lastKnownFileType = file.storyboard; name = Base; path = Base.lproj/Main.storyboard; sourceTree = "<group>"; };
		817C495621DF0F6000FDBF6C /* Assets.xcassets */ = {isa = PBXFileReference; lastKnownFileType = folder.assetcatalog; path = Assets.xcassets; sourceTree = "<group>"; };
		817C495921DF0F6000FDBF6C /* Base */ = {isa = PBXFileReference; lastKnownFileType = file.storyboard; name = Base; path = Base.lproj/LaunchScreen.storyboard; sourceTree = "<group>"; };
		817C495B21DF0F6000FDBF6C /* Info.plist */ = {isa = PBXFileReference; lastKnownFileType = text.plist.xml; path = Info.plist; sourceTree = "<group>"; };
		817C495C21DF0F6000FDBF6C /* main.m */ = {isa = PBXFileReference; lastKnownFileType = sourcecode.c.objc; path = main.m; sourceTree = "<group>"; };
		817C496321DF0F8E00FDBF6C /* Api.h */ = {isa = PBXFileReference; lastKnownFileType = sourcecode.c.h; path = Api.h; sourceTree = "<group>"; };
		817C496521DF101B00FDBF6C /* DirtyWordApi.h */ = {isa = PBXFileReference; lastKnownFileType = sourcecode.c.h; path = DirtyWordApi.h; sourceTree = "<group>"; };
		817C496621DF101B00FDBF6C /* DirtyWordApi.m */ = {isa = PBXFileReference; lastKnownFileType = sourcecode.c.objc; path = DirtyWordApi.m; sourceTree = "<group>"; };
		817C496921DF209B00FDBF6C /* ReadingPoem.h */ = {isa = PBXFileReference; lastKnownFileType = sourcecode.c.h; path = ReadingPoem.h; sourceTree = "<group>"; };
		817C496A21DF209B00FDBF6C /* ReadingPoem.m */ = {isa = PBXFileReference; lastKnownFileType = sourcecode.c.objc; path = ReadingPoem.m; sourceTree = "<group>"; };
		817C496C21DF210000FDBF6C /* SimpleFactory.h */ = {isa = PBXFileReference; lastKnownFileType = sourcecode.c.h; path = SimpleFactory.h; sourceTree = "<group>"; };
		817C496D21DF210000FDBF6C /* SimpleFactory.m */ = {isa = PBXFileReference; lastKnownFileType = sourcecode.c.objc; path = SimpleFactory.m; sourceTree = "<group>"; };
		817C497021DF283100FDBF6C /* ExportFileApi.h */ = {isa = PBXFileReference; lastKnownFileType = sourcecode.c.h; path = ExportFileApi.h; sourceTree = "<group>"; };
		817C497521DF2A7600FDBF6C /* ExportTxtFile.h */ = {isa = PBXFileReference; lastKnownFileType = sourcecode.c.h; path = ExportTxtFile.h; sourceTree = "<group>"; };
		817C497621DF2A7600FDBF6C /* ExportTxtFile.m */ = {isa = PBXFileReference; lastKnownFileType = sourcecode.c.objc; path = ExportTxtFile.m; sourceTree = "<group>"; };
		817C497821DF2B0600FDBF6C /* ExportDB.h */ = {isa = PBXFileReference; lastKnownFileType = sourcecode.c.h; path = ExportDB.h; sourceTree = "<group>"; };
		817C497921DF2B0600FDBF6C /* ExportDB.m */ = {isa = PBXFileReference; lastKnownFileType = sourcecode.c.objc; path = ExportDB.m; sourceTree = "<group>"; };
		817C498121DF353A00FDBF6C /* ExportOperate.h */ = {isa = PBXFileReference; lastKnownFileType = sourcecode.c.h; path = ExportOperate.h; sourceTree = "<group>"; };
		817C498221DF353A00FDBF6C /* ExportOperate.m */ = {isa = PBXFileReference; lastKnownFileType = sourcecode.c.objc; path = ExportOperate.m; sourceTree = "<group>"; };
		817C498421DF368300FDBF6C /* ExportTxtFileOperate.h */ = {isa = PBXFileReference; lastKnownFileType = sourcecode.c.h; path = ExportTxtFileOperate.h; sourceTree = "<group>"; };
		817C498521DF368300FDBF6C /* ExportTxtFileOperate.m */ = {isa = PBXFileReference; lastKnownFileType = sourcecode.c.objc; path = ExportTxtFileOperate.m; sourceTree = "<group>"; };
		81A4E46021E2E72300F8AFB7 /* TxtBuilder.m */ = {isa = PBXFileReference; fileEncoding = 4; lastKnownFileType = sourcecode.c.objc; path = TxtBuilder.m; sourceTree = "<group>"; };
		81A4E46121E2E72300F8AFB7 /* TxtBuilder.h */ = {isa = PBXFileReference; fileEncoding = 4; lastKnownFileType = sourcecode.c.h; path = TxtBuilder.h; sourceTree = "<group>"; };
		81A4E46421E2ED6200F8AFB7 /* AbstractFactory.h */ = {isa = PBXFileReference; lastKnownFileType = sourcecode.c.h; path = AbstractFactory.h; sourceTree = "<group>"; };
		81A4E46521E2EDB700F8AFB7 /* CPUApi.h */ = {isa = PBXFileReference; lastKnownFileType = sourcecode.c.h; path = CPUApi.h; sourceTree = "<group>"; };
		81A4E46621E2EDEE00F8AFB7 /* MainboardApi.h */ = {isa = PBXFileReference; lastKnownFileType = sourcecode.c.h; path = MainboardApi.h; sourceTree = "<group>"; };
		81A4E46721E2EE2000F8AFB7 /* IntelCPU.h */ = {isa = PBXFileReference; lastKnownFileType = sourcecode.c.h; path = IntelCPU.h; sourceTree = "<group>"; };
		81A4E46821E2EE2000F8AFB7 /* IntelCPU.m */ = {isa = PBXFileReference; lastKnownFileType = sourcecode.c.objc; path = IntelCPU.m; sourceTree = "<group>"; };
		81A4E46A21E2EEFC00F8AFB7 /* GAMainboard.h */ = {isa = PBXFileReference; lastKnownFileType = sourcecode.c.h; path = GAMainboard.h; sourceTree = "<group>"; };
		81A4E46B21E2EEFC00F8AFB7 /* GAMainboard.m */ = {isa = PBXFileReference; lastKnownFileType = sourcecode.c.objc; path = GAMainboard.m; sourceTree = "<group>"; };
		81A4E46D21E2F01500F8AFB7 /* Schema1.h */ = {isa = PBXFileReference; lastKnownFileType = sourcecode.c.h; path = Schema1.h; sourceTree = "<group>"; };
		81A4E46E21E2F01500F8AFB7 /* Schema1.m */ = {isa = PBXFileReference; lastKnownFileType = sourcecode.c.objc; path = Schema1.m; sourceTree = "<group>"; };
		81A4E47021E2F14B00F8AFB7 /* ComputerEngineer.h */ = {isa = PBXFileReference; lastKnownFileType = sourcecode.c.h; path = ComputerEngineer.h; sourceTree = "<group>"; };
		81A4E47121E2F14B00F8AFB7 /* ComputerEngineer.m */ = {isa = PBXFileReference; lastKnownFileType = sourcecode.c.objc; path = ComputerEngineer.m; sourceTree = "<group>"; };
		81A4E47421E317C600F8AFB7 /* AModuleApi.h */ = {isa = PBXFileReference; lastKnownFileType = sourcecode.c.h; path = AModuleApi.h; sourceTree = "<group>"; };
		81A4E47521E317F300F8AFB7 /* AModuleImpl.h */ = {isa = PBXFileReference; lastKnownFileType = sourcecode.c.h; path = AModuleImpl.h; sourceTree = "<group>"; };
		81A4E47621E317F300F8AFB7 /* AModuleImpl.m */ = {isa = PBXFileReference; lastKnownFileType = sourcecode.c.objc; path = AModuleImpl.m; sourceTree = "<group>"; };
		81A4E47821E3187300F8AFB7 /* BModuleImpl.h */ = {isa = PBXFileReference; fileEncoding = 4; lastKnownFileType = sourcecode.c.h; path = BModuleImpl.h; sourceTree = "<group>"; };
		81A4E47921E3187300F8AFB7 /* BModuleImpl.m */ = {isa = PBXFileReference; fileEncoding = 4; lastKnownFileType = sourcecode.c.objc; path = BModuleImpl.m; sourceTree = "<group>"; };
		81A4E47A21E3187300F8AFB7 /* BModuleApi.h */ = {isa = PBXFileReference; fileEncoding = 4; lastKnownFileType = sourcecode.c.h; path = BModuleApi.h; sourceTree = "<group>"; };
		81A4E47C21E318CD00F8AFB7 /* Facade.h */ = {isa = PBXFileReference; lastKnownFileType = sourcecode.c.h; path = Facade.h; sourceTree = "<group>"; };
		81A4E47D21E318CD00F8AFB7 /* Facade.m */ = {isa = PBXFileReference; lastKnownFileType = sourcecode.c.objc; path = Facade.m; sourceTree = "<group>"; };
		81A4E48021E31BD300F8AFB7 /* UserModelApi.h */ = {isa = PBXFileReference; lastKnownFileType = sourcecode.c.h; path = UserModelApi.h; sourceTree = "<group>"; };
		81A4E48121E31BD300F8AFB7 /* UserModelApi.m */ = {isa = PBXFileReference; lastKnownFileType = sourcecode.c.objc; path = UserModelApi.m; sourceTree = "<group>"; };
		81A4E48321E31C4C00F8AFB7 /* Proxy.h */ = {isa = PBXFileReference; lastKnownFileType = sourcecode.c.h; path = Proxy.h; sourceTree = "<group>"; };
		81A4E48421E31C4C00F8AFB7 /* Proxy.m */ = {isa = PBXFileReference; lastKnownFileType = sourcecode.c.objc; path = Proxy.m; sourceTree = "<group>"; };
		81A4E48621E31C9200F8AFB7 /* UserModel.h */ = {isa = PBXFileReference; lastKnownFileType = sourcecode.c.h; path = UserModel.h; sourceTree = "<group>"; };
		81A4E48721E31C9200F8AFB7 /* UserModel.m */ = {isa = PBXFileReference; lastKnownFileType = sourcecode.c.objc; path = UserModel.m; sourceTree = "<group>"; };
		81A4E48A21E3259E00F8AFB7 /* Component.h */ = {isa = PBXFileReference; lastKnownFileType = sourcecode.c.h; path = Component.h; sourceTree = "<group>"; };
		81A4E48B21E3260C00F8AFB7 /* ConcreteComponent.h */ = {isa = PBXFileReference; lastKnownFileType = sourcecode.c.h; path = ConcreteComponent.h; sourceTree = "<group>"; };
		81A4E48C21E3260C00F8AFB7 /* ConcreteComponent.m */ = {isa = PBXFileReference; lastKnownFileType = sourcecode.c.objc; path = ConcreteComponent.m; sourceTree = "<group>"; };
		81A4E48E21E326B000F8AFB7 /* Decorator.h */ = {isa = PBXFileReference; lastKnownFileType = sourcecode.c.h; path = Decorator.h; sourceTree = "<group>"; };
		81A4E48F21E326B000F8AFB7 /* Decorator.m */ = {isa = PBXFileReference; lastKnownFileType = sourcecode.c.objc; path = Decorator.m; sourceTree = "<group>"; };
		81A4E49121E32A5D00F8AFB7 /* MonthPrizeDecorator.h */ = {isa = PBXFileReference; lastKnownFileType = sourcecode.c.h; path = MonthPrizeDecorator.h; sourceTree = "<group>"; };
		81A4E49221E32A5D00F8AFB7 /* MonthPrizeDecorator.m */ = {isa = PBXFileReference; lastKnownFileType = sourcecode.c.objc; path = MonthPrizeDecorator.m; sourceTree = "<group>"; };
		81A4E49421E32B7E00F8AFB7 /* TempDB.h */ = {isa = PBXFileReference; lastKnownFileType = sourcecode.c.h; path = TempDB.h; sourceTree = "<group>"; };
		81A4E49521E32B7E00F8AFB7 /* TempDB.m */ = {isa = PBXFileReference; lastKnownFileType = sourcecode.c.objc; path = TempDB.m; sourceTree = "<group>"; };
		81A4E49721E32C3A00F8AFB7 /* SumPrizeDecorator.h */ = {isa = PBXFileReference; lastKnownFileType = sourcecode.c.h; path = SumPrizeDecorator.h; sourceTree = "<group>"; };
		81A4E49821E32C3A00F8AFB7 /* SumPrizeDecorator.m */ = {isa = PBXFileReference; lastKnownFileType = sourcecode.c.objc; path = SumPrizeDecorator.m; sourceTree = "<group>"; };
		81A4E49A21E32CC500F8AFB7 /* GroupPrizeDecorator.h */ = {isa = PBXFileReference; lastKnownFileType = sourcecode.c.h; path = GroupPrizeDecorator.h; sourceTree = "<group>"; };
		81A4E49B21E32CC500F8AFB7 /* GroupPrizeDecorator.m */ = {isa = PBXFileReference; lastKnownFileType = sourcecode.c.objc; path = GroupPrizeDecorator.m; sourceTree = "<group>"; };
/* End PBXFileReference section */

/* Begin PBXFrameworksBuildPhase section */
		817C494721DF0F5E00FDBF6C /* Frameworks */ = {
			isa = PBXFrameworksBuildPhase;
			buildActionMask = 2147483647;
			files = (
			);
			runOnlyForDeploymentPostprocessing = 0;
		};
/* End PBXFrameworksBuildPhase section */

/* Begin PBXGroup section */
		043D098321E08A5600235CED /* Builder */ = {
			isa = PBXGroup;
			children = (
				81A4E46121E2E72300F8AFB7 /* TxtBuilder.h */,
				81A4E46021E2E72300F8AFB7 /* TxtBuilder.m */,
				043D098421E08A6E00235CED /* Builder.h */,
				043D098521E08C0200235CED /* ExportHeaderModel.h */,
				043D098621E08C0200235CED /* ExportHeaderModel.m */,
				043D098821E08C7600235CED /* ExportDataModel.h */,
				043D098921E08C7600235CED /* ExportDataModel.m */,
				043D098B21E08CBF00235CED /* ExportFooterModel.h */,
				043D098C21E08CBF00235CED /* ExportFooterModel.m */,
				043D099121E0D4B400235CED /* XmlBuilder.h */,
				043D099221E0D4B400235CED /* XmlBuilder.m */,
				043D099421E0D57900235CED /* Director.h */,
				043D099521E0D57900235CED /* Director.m */,
			);
			path = Builder;
			sourceTree = "<group>";
		};
		812163E621E467ED003EE2C1 /* Command */ = {
			isa = PBXGroup;
			children = (
				812163E721E4681B003EE2C1 /* MainBoardApi.h */,
				812163E821E4684D003EE2C1 /* GigaMainBoard.h */,
				812163E921E4684D003EE2C1 /* GigaMainBoard.m */,
				812163EB21E468E6003EE2C1 /* Command.h */,
				812163EC21E46936003EE2C1 /* OpenCommand.h */,
				812163ED21E46936003EE2C1 /* OpenCommand.m */,
				812163F221E476CF003EE2C1 /* ResetCommand.h */,
				812163F321E476CF003EE2C1 /* ResetCommand.m */,
				812163EF21E46A11003EE2C1 /* Box.h */,
				812163F021E46A11003EE2C1 /* Box.m */,
			);
			path = Command;
			sourceTree = "<group>";
		};
		812163F521E48050003EE2C1 /* TemplateMethod */ = {
			isa = PBXGroup;
			children = (
				812163F621E4807A003EE2C1 /* LoginModel.h */,
				812163F721E4807A003EE2C1 /* LoginModel.m */,
				812163F921E480D4003EE2C1 /* LoginTemplate.h */,
				812163FA21E480D4003EE2C1 /* LoginTemplate.m */,
				812163FC21E482FF003EE2C1 /* NormalLogin.h */,
				812163FD21E482FF003EE2C1 /* NormalLogin.m */,
				812163FF21E48374003EE2C1 /* WorkerLogin.h */,
				8121640021E48374003EE2C1 /* WorkerLogin.m */,
			);
			path = TemplateMethod;
			sourceTree = "<group>";
		};
		8150F3BD21E587D400222A63 /* Strategy */ = {
			isa = PBXGroup;
			children = (
				8150F3BE21E5881E00222A63 /* Strategy.h */,
				8150F3BF21E5887400222A63 /* NormalCustomerStrategy.h */,
				8150F3C021E5887400222A63 /* NormalCustomerStrategy.m */,
				8150F3C221E5890300222A63 /* OldCustomerStrategy.h */,
				8150F3C321E5890300222A63 /* OldCustomerStrategy.m */,
				8150F3C521E58A3C00222A63 /* LargeCustomerStrategy.h */,
				8150F3C621E58A3C00222A63 /* LargeCustomerStrategy.m */,
				8150F3C821E58A7F00222A63 /* Price.h */,
				8150F3C921E58A7F00222A63 /* Price.m */,
			);
			path = Strategy;
			sourceTree = "<group>";
		};
		8150F3CB21E59A1400222A63 /* Visitor */ = {
			isa = PBXGroup;
			children = (
				8150F3CC21E59A3200222A63 /* Customer.h */,
				8150F3CD21E59A3200222A63 /* Customer.m */,
				8150F3CF21E59A8500222A63 /* Visitor.h */,
				8150F3D021E59B4500222A63 /* EnterpriseCustomer.h */,
				8150F3D121E59B4500222A63 /* EnterpriseCustomer.m */,
				8150F3D321E59C2600222A63 /* PersonalCustomer.h */,
				8150F3D421E59C2600222A63 /* PersonalCustomer.m */,
				8150F3D621E59D3500222A63 /* ServiceRequestVisitor.h */,
				8150F3D721E59D3500222A63 /* ServiceRequestVisitor.m */,
				8150F3D921E59E4A00222A63 /* PredilectionAnalyzeVisitor.h */,
				8150F3DA21E59E4A00222A63 /* PredilectionAnalyzeVisitor.m */,
			);
			path = Visitor;
			sourceTree = "<group>";
		};
		8150F3DC21E5C67600222A63 /* Memento */ = {
			isa = PBXGroup;
			children = (
				8150F3DD21E5C69600222A63 /* FlowAMock.h */,
				8150F3DE21E5C69600222A63 /* FlowAMock.m */,
				8150F3E021E5C82900222A63 /* FlowAMockMemento.h */,
				8150F3E121E5CA0400222A63 /* FlowAmementoCareTaker.h */,
				8150F3E221E5CA0400222A63 /* FlowAmementoCareTaker.m */,
			);
			path = Memento;
			sourceTree = "<group>";
		};
		817C494121DF0F5E00FDBF6C = {
			isa = PBXGroup;
			children = (
				817C494C21DF0F5E00FDBF6C /* designPatternLearning */,
				817C494B21DF0F5E00FDBF6C /* Products */,
			);
			sourceTree = "<group>";
		};
		817C494B21DF0F5E00FDBF6C /* Products */ = {
			isa = PBXGroup;
			children = (
				817C494A21DF0F5E00FDBF6C /* designPatternLearning.app */,
			);
			name = Products;
			sourceTree = "<group>";
		};
		817C494C21DF0F5E00FDBF6C /* designPatternLearning */ = {
			isa = PBXGroup;
			children = (
				8150F3DC21E5C67600222A63 /* Memento */,
				8150F3CB21E59A1400222A63 /* Visitor */,
				8150F3BD21E587D400222A63 /* Strategy */,
				812163F521E48050003EE2C1 /* TemplateMethod */,
				812163E621E467ED003EE2C1 /* Command */,
				81A4E48921E3247100F8AFB7 /* Decorator */,
				81A4E47F21E31B8800F8AFB7 /* Proxy */,
				81A4E47321E3168F00F8AFB7 /* Facade */,
				81A4E46321E2ED3600F8AFB7 /* AbstractFactory */,
				817C496F21DF281200FDBF6C /* FactoryMethod */,
				817C496821DF206D00FDBF6C /* SimpleFactory */,
				043D098321E08A5600235CED /* Builder */,
				817C494D21DF0F5E00FDBF6C /* AppDelegate.h */,
				817C494E21DF0F5E00FDBF6C /* AppDelegate.m */,
				817C495021DF0F5E00FDBF6C /* ViewController.h */,
				817C495121DF0F5E00FDBF6C /* ViewController.m */,
				817C495321DF0F5E00FDBF6C /* Main.storyboard */,
				817C495621DF0F6000FDBF6C /* Assets.xcassets */,
				817C495821DF0F6000FDBF6C /* LaunchScreen.storyboard */,
				817C495B21DF0F6000FDBF6C /* Info.plist */,
				817C495C21DF0F6000FDBF6C /* main.m */,
			);
			path = designPatternLearning;
			sourceTree = "<group>";
		};
		817C496821DF206D00FDBF6C /* SimpleFactory */ = {
			isa = PBXGroup;
			children = (
				817C496321DF0F8E00FDBF6C /* Api.h */,
				817C496521DF101B00FDBF6C /* DirtyWordApi.h */,
				817C496621DF101B00FDBF6C /* DirtyWordApi.m */,
				817C496921DF209B00FDBF6C /* ReadingPoem.h */,
				817C496A21DF209B00FDBF6C /* ReadingPoem.m */,
				817C496C21DF210000FDBF6C /* SimpleFactory.h */,
				817C496D21DF210000FDBF6C /* SimpleFactory.m */,
			);
			path = SimpleFactory;
			sourceTree = "<group>";
		};
		817C496F21DF281200FDBF6C /* FactoryMethod */ = {
			isa = PBXGroup;
			children = (
				817C497021DF283100FDBF6C /* ExportFileApi.h */,
				817C497521DF2A7600FDBF6C /* ExportTxtFile.h */,
				817C497621DF2A7600FDBF6C /* ExportTxtFile.m */,
				817C497821DF2B0600FDBF6C /* ExportDB.h */,
				817C497921DF2B0600FDBF6C /* ExportDB.m */,
				817C498121DF353A00FDBF6C /* ExportOperate.h */,
				817C498221DF353A00FDBF6C /* ExportOperate.m */,
				817C498421DF368300FDBF6C /* ExportTxtFileOperate.h */,
				817C498521DF368300FDBF6C /* ExportTxtFileOperate.m */,
			);
			path = FactoryMethod;
			sourceTree = "<group>";
		};
		81A4E46321E2ED3600F8AFB7 /* AbstractFactory */ = {
			isa = PBXGroup;
			children = (
				81A4E46421E2ED6200F8AFB7 /* AbstractFactory.h */,
				81A4E46521E2EDB700F8AFB7 /* CPUApi.h */,
				81A4E46621E2EDEE00F8AFB7 /* MainboardApi.h */,
				81A4E46721E2EE2000F8AFB7 /* IntelCPU.h */,
				81A4E46821E2EE2000F8AFB7 /* IntelCPU.m */,
				81A4E46A21E2EEFC00F8AFB7 /* GAMainboard.h */,
				81A4E46B21E2EEFC00F8AFB7 /* GAMainboard.m */,
				81A4E46D21E2F01500F8AFB7 /* Schema1.h */,
				81A4E46E21E2F01500F8AFB7 /* Schema1.m */,
				81A4E47021E2F14B00F8AFB7 /* ComputerEngineer.h */,
				81A4E47121E2F14B00F8AFB7 /* ComputerEngineer.m */,
			);
			path = AbstractFactory;
			sourceTree = "<group>";
		};
		81A4E47321E3168F00F8AFB7 /* Facade */ = {
			isa = PBXGroup;
			children = (
				81A4E47A21E3187300F8AFB7 /* BModuleApi.h */,
				81A4E47821E3187300F8AFB7 /* BModuleImpl.h */,
				81A4E47921E3187300F8AFB7 /* BModuleImpl.m */,
				81A4E47421E317C600F8AFB7 /* AModuleApi.h */,
				81A4E47521E317F300F8AFB7 /* AModuleImpl.h */,
				81A4E47621E317F300F8AFB7 /* AModuleImpl.m */,
				81A4E47C21E318CD00F8AFB7 /* Facade.h */,
				81A4E47D21E318CD00F8AFB7 /* Facade.m */,
			);
			path = Facade;
			sourceTree = "<group>";
		};
		81A4E47F21E31B8800F8AFB7 /* Proxy */ = {
			isa = PBXGroup;
			children = (
				81A4E48021E31BD300F8AFB7 /* UserModelApi.h */,
				81A4E48121E31BD300F8AFB7 /* UserModelApi.m */,
				81A4E48321E31C4C00F8AFB7 /* Proxy.h */,
				81A4E48421E31C4C00F8AFB7 /* Proxy.m */,
				81A4E48621E31C9200F8AFB7 /* UserModel.h */,
				81A4E48721E31C9200F8AFB7 /* UserModel.m */,
			);
			path = Proxy;
			sourceTree = "<group>";
		};
		81A4E48921E3247100F8AFB7 /* Decorator */ = {
			isa = PBXGroup;
			children = (
				81A4E49421E32B7E00F8AFB7 /* TempDB.h */,
				81A4E49521E32B7E00F8AFB7 /* TempDB.m */,
				81A4E48A21E3259E00F8AFB7 /* Component.h */,
				81A4E48B21E3260C00F8AFB7 /* ConcreteComponent.h */,
				81A4E48C21E3260C00F8AFB7 /* ConcreteComponent.m */,
				81A4E48E21E326B000F8AFB7 /* Decorator.h */,
				81A4E48F21E326B000F8AFB7 /* Decorator.m */,
				81A4E49121E32A5D00F8AFB7 /* MonthPrizeDecorator.h */,
				81A4E49221E32A5D00F8AFB7 /* MonthPrizeDecorator.m */,
				81A4E49721E32C3A00F8AFB7 /* SumPrizeDecorator.h */,
				81A4E49821E32C3A00F8AFB7 /* SumPrizeDecorator.m */,
				81A4E49A21E32CC500F8AFB7 /* GroupPrizeDecorator.h */,
				81A4E49B21E32CC500F8AFB7 /* GroupPrizeDecorator.m */,
			);
			path = Decorator;
			sourceTree = "<group>";
		};
/* End PBXGroup section */

/* Begin PBXNativeTarget section */
		817C494921DF0F5E00FDBF6C /* designPatternLearning */ = {
			isa = PBXNativeTarget;
			buildConfigurationList = 817C496021DF0F6000FDBF6C /* Build configuration list for PBXNativeTarget "designPatternLearning" */;
			buildPhases = (
				817C494621DF0F5E00FDBF6C /* Sources */,
				817C494721DF0F5E00FDBF6C /* Frameworks */,
				817C494821DF0F5E00FDBF6C /* Resources */,
			);
			buildRules = (
			);
			dependencies = (
			);
			name = designPatternLearning;
			productName = designPatternLearning;
			productReference = 817C494A21DF0F5E00FDBF6C /* designPatternLearning.app */;
			productType = "com.apple.product-type.application";
		};
/* End PBXNativeTarget section */

/* Begin PBXProject section */
		817C494221DF0F5E00FDBF6C /* Project object */ = {
			isa = PBXProject;
			attributes = {
				LastUpgradeCheck = 1010;
				ORGANIZATIONNAME = chenxiaosong;
				TargetAttributes = {
					817C494921DF0F5E00FDBF6C = {
						CreatedOnToolsVersion = 10.1;
					};
				};
			};
			buildConfigurationList = 817C494521DF0F5E00FDBF6C /* Build configuration list for PBXProject "designPatternLearning" */;
			compatibilityVersion = "Xcode 9.3";
			developmentRegion = en;
			hasScannedForEncodings = 0;
			knownRegions = (
				en,
				Base,
			);
			mainGroup = 817C494121DF0F5E00FDBF6C;
			productRefGroup = 817C494B21DF0F5E00FDBF6C /* Products */;
			projectDirPath = "";
			projectRoot = "";
			targets = (
				817C494921DF0F5E00FDBF6C /* designPatternLearning */,
			);
		};
/* End PBXProject section */

/* Begin PBXResourcesBuildPhase section */
		817C494821DF0F5E00FDBF6C /* Resources */ = {
			isa = PBXResourcesBuildPhase;
			buildActionMask = 2147483647;
			files = (
				817C495A21DF0F6000FDBF6C /* LaunchScreen.storyboard in Resources */,
				817C495721DF0F6000FDBF6C /* Assets.xcassets in Resources */,
				817C495521DF0F5E00FDBF6C /* Main.storyboard in Resources */,
			);
			runOnlyForDeploymentPostprocessing = 0;
		};
/* End PBXResourcesBuildPhase section */

/* Begin PBXSourcesBuildPhase section */
		817C494621DF0F5E00FDBF6C /* Sources */ = {
			isa = PBXSourcesBuildPhase;
			buildActionMask = 2147483647;
			files = (
				817C496B21DF209B00FDBF6C /* ReadingPoem.m in Sources */,
				81A4E49021E326B000F8AFB7 /* Decorator.m in Sources */,
				8150F3C421E5890300222A63 /* OldCustomerStrategy.m in Sources */,
				81A4E47221E2F14B00F8AFB7 /* ComputerEngineer.m in Sources */,
				8121640121E48374003EE2C1 /* WorkerLogin.m in Sources */,
				817C498621DF368300FDBF6C /* ExportTxtFileOperate.m in Sources */,
				81A4E49321E32A5D00F8AFB7 /* MonthPrizeDecorator.m in Sources */,
				81A4E47721E317F300F8AFB7 /* AModuleImpl.m in Sources */,
				817C497721DF2A7600FDBF6C /* ExportTxtFile.m in Sources */,
				812163FE21E482FF003EE2C1 /* NormalLogin.m in Sources */,
				81A4E49621E32B7E00F8AFB7 /* TempDB.m in Sources */,
				817C498321DF353A00FDBF6C /* ExportOperate.m in Sources */,
				8150F3D821E59D3500222A63 /* ServiceRequestVisitor.m in Sources */,
				817C495221DF0F5E00FDBF6C /* ViewController.m in Sources */,
				81A4E49C21E32CC500F8AFB7 /* GroupPrizeDecorator.m in Sources */,
				817C496E21DF210000FDBF6C /* SimpleFactory.m in Sources */,
				81A4E48821E31C9200F8AFB7 /* UserModel.m in Sources */,
				8150F3DF21E5C69600222A63 /* FlowAMock.m in Sources */,
				8150F3C721E58A3C00222A63 /* LargeCustomerStrategy.m in Sources */,
				817C495D21DF0F6000FDBF6C /* main.m in Sources */,
				817C497A21DF2B0600FDBF6C /* ExportDB.m in Sources */,
				8150F3CE21E59A3200222A63 /* Customer.m in Sources */,
				8150F3D221E59B4500222A63 /* EnterpriseCustomer.m in Sources */,
				8150F3D521E59C2600222A63 /* PersonalCustomer.m in Sources */,
				812163F421E476CF003EE2C1 /* ResetCommand.m in Sources */,
				81A4E47E21E318CD00F8AFB7 /* Facade.m in Sources */,
				043D098D21E08CBF00235CED /* ExportFooterModel.m in Sources */,
				043D098A21E08C7600235CED /* ExportDataModel.m in Sources */,
				81A4E47B21E3187300F8AFB7 /* BModuleImpl.m in Sources */,
				043D099621E0D57900235CED /* Director.m in Sources */,
				8150F3CA21E58A7F00222A63 /* Price.m in Sources */,
				81A4E49921E32C3A00F8AFB7 /* SumPrizeDecorator.m in Sources */,
				043D098721E08C0200235CED /* ExportHeaderModel.m in Sources */,
				81A4E48521E31C4C00F8AFB7 /* Proxy.m in Sources */,
				81A4E46F21E2F01500F8AFB7 /* Schema1.m in Sources */,
				817C494F21DF0F5E00FDBF6C /* AppDelegate.m in Sources */,
				8150F3E321E5CA0400222A63 /* FlowAmementoCareTaker.m in Sources */,
				81A4E48D21E3260C00F8AFB7 /* ConcreteComponent.m in Sources */,
				817C496721DF101B00FDBF6C /* DirtyWordApi.m in Sources */,
				8150F3DB21E59E4A00222A63 /* PredilectionAnalyzeVisitor.m in Sources */,
				81A4E48221E31BD300F8AFB7 /* UserModelApi.m in Sources */,
				81A4E46221E2E72300F8AFB7 /* TxtBuilder.m in Sources */,
				8150F3C121E5887400222A63 /* NormalCustomerStrategy.m in Sources */,
				81A4E46C21E2EEFC00F8AFB7 /* GAMainboard.m in Sources */,
				812163F121E46A11003EE2C1 /* Box.m in Sources */,
				81A4E46921E2EE2000F8AFB7 /* IntelCPU.m in Sources */,
				812163EA21E4684D003EE2C1 /* GigaMainBoard.m in Sources */,
				812163F821E4807A003EE2C1 /* LoginModel.m in Sources */,
				812163FB21E480D4003EE2C1 /* LoginTemplate.m in Sources */,
				043D099321E0D4B400235CED /* XmlBuilder.m in Sources */,
				812163EE21E46936003EE2C1 /* OpenCommand.m in Sources */,
			);
			runOnlyForDeploymentPostprocessing = 0;
		};
/* End PBXSourcesBuildPhase section */

/* Begin PBXVariantGroup section */
		817C495321DF0F5E00FDBF6C /* Main.storyboard */ = {
			isa = PBXVariantGroup;
			children = (
				817C495421DF0F5E00FDBF6C /* Base */,
			);
			name = Main.storyboard;
			sourceTree = "<group>";
		};
		817C495821DF0F6000FDBF6C /* LaunchScreen.storyboard */ = {
			isa = PBXVariantGroup;
			children = (
				817C495921DF0F6000FDBF6C /* Base */,
			);
			name = LaunchScreen.storyboard;
			sourceTree = "<group>";
		};
/* End PBXVariantGroup section */

/* Begin XCBuildConfiguration section */
		817C495E21DF0F6000FDBF6C /* Debug */ = {
			isa = XCBuildConfiguration;
			buildSettings = {
				ALWAYS_SEARCH_USER_PATHS = NO;
				CLANG_ANALYZER_NONNULL = YES;
				CLANG_ANALYZER_NUMBER_OBJECT_CONVERSION = YES_AGGRESSIVE;
				CLANG_CXX_LANGUAGE_STANDARD = "gnu++14";
				CLANG_CXX_LIBRARY = "libc++";
				CLANG_ENABLE_MODULES = YES;
				CLANG_ENABLE_OBJC_ARC = YES;
				CLANG_ENABLE_OBJC_WEAK = YES;
				CLANG_WARN_BLOCK_CAPTURE_AUTORELEASING = YES;
				CLANG_WARN_BOOL_CONVERSION = YES;
				CLANG_WARN_COMMA = YES;
				CLANG_WARN_CONSTANT_CONVERSION = YES;
				CLANG_WARN_DEPRECATED_OBJC_IMPLEMENTATIONS = YES;
				CLANG_WARN_DIRECT_OBJC_ISA_USAGE = YES_ERROR;
				CLANG_WARN_DOCUMENTATION_COMMENTS = YES;
				CLANG_WARN_EMPTY_BODY = YES;
				CLANG_WARN_ENUM_CONVERSION = YES;
				CLANG_WARN_INFINITE_RECURSION = YES;
				CLANG_WARN_INT_CONVERSION = YES;
				CLANG_WARN_NON_LITERAL_NULL_CONVERSION = YES;
				CLANG_WARN_OBJC_IMPLICIT_RETAIN_SELF = YES;
				CLANG_WARN_OBJC_LITERAL_CONVERSION = YES;
				CLANG_WARN_OBJC_ROOT_CLASS = YES_ERROR;
				CLANG_WARN_RANGE_LOOP_ANALYSIS = YES;
				CLANG_WARN_STRICT_PROTOTYPES = YES;
				CLANG_WARN_SUSPICIOUS_MOVE = YES;
				CLANG_WARN_UNGUARDED_AVAILABILITY = YES_AGGRESSIVE;
				CLANG_WARN_UNREACHABLE_CODE = YES;
				CLANG_WARN__DUPLICATE_METHOD_MATCH = YES;
				CODE_SIGN_IDENTITY = "iPhone Developer";
				COPY_PHASE_STRIP = NO;
				DEBUG_INFORMATION_FORMAT = dwarf;
				ENABLE_STRICT_OBJC_MSGSEND = YES;
				ENABLE_TESTABILITY = YES;
				GCC_C_LANGUAGE_STANDARD = gnu11;
				GCC_DYNAMIC_NO_PIC = NO;
				GCC_NO_COMMON_BLOCKS = YES;
				GCC_OPTIMIZATION_LEVEL = 0;
				GCC_PREPROCESSOR_DEFINITIONS = (
					"DEBUG=1",
					"$(inherited)",
				);
				GCC_WARN_64_TO_32_BIT_CONVERSION = YES;
				GCC_WARN_ABOUT_RETURN_TYPE = YES_ERROR;
				GCC_WARN_UNDECLARED_SELECTOR = YES;
				GCC_WARN_UNINITIALIZED_AUTOS = YES_AGGRESSIVE;
				GCC_WARN_UNUSED_FUNCTION = YES;
				GCC_WARN_UNUSED_VARIABLE = YES;
				IPHONEOS_DEPLOYMENT_TARGET = 12.1;
				MTL_ENABLE_DEBUG_INFO = INCLUDE_SOURCE;
				MTL_FAST_MATH = YES;
				ONLY_ACTIVE_ARCH = YES;
				SDKROOT = iphoneos;
			};
			name = Debug;
		};
		817C495F21DF0F6000FDBF6C /* Release */ = {
			isa = XCBuildConfiguration;
			buildSettings = {
				ALWAYS_SEARCH_USER_PATHS = NO;
				CLANG_ANALYZER_NONNULL = YES;
				CLANG_ANALYZER_NUMBER_OBJECT_CONVERSION = YES_AGGRESSIVE;
				CLANG_CXX_LANGUAGE_STANDARD = "gnu++14";
				CLANG_CXX_LIBRARY = "libc++";
				CLANG_ENABLE_MODULES = YES;
				CLANG_ENABLE_OBJC_ARC = YES;
				CLANG_ENABLE_OBJC_WEAK = YES;
				CLANG_WARN_BLOCK_CAPTURE_AUTORELEASING = YES;
				CLANG_WARN_BOOL_CONVERSION = YES;
				CLANG_WARN_COMMA = YES;
				CLANG_WARN_CONSTANT_CONVERSION = YES;
				CLANG_WARN_DEPRECATED_OBJC_IMPLEMENTATIONS = YES;
				CLANG_WARN_DIRECT_OBJC_ISA_USAGE = YES_ERROR;
				CLANG_WARN_DOCUMENTATION_COMMENTS = YES;
				CLANG_WARN_EMPTY_BODY = YES;
				CLANG_WARN_ENUM_CONVERSION = YES;
				CLANG_WARN_INFINITE_RECURSION = YES;
				CLANG_WARN_INT_CONVERSION = YES;
				CLANG_WARN_NON_LITERAL_NULL_CONVERSION = YES;
				CLANG_WARN_OBJC_IMPLICIT_RETAIN_SELF = YES;
				CLANG_WARN_OBJC_LITERAL_CONVERSION = YES;
				CLANG_WARN_OBJC_ROOT_CLASS = YES_ERROR;
				CLANG_WARN_RANGE_LOOP_ANALYSIS = YES;
				CLANG_WARN_STRICT_PROTOTYPES = YES;
				CLANG_WARN_SUSPICIOUS_MOVE = YES;
				CLANG_WARN_UNGUARDED_AVAILABILITY = YES_AGGRESSIVE;
				CLANG_WARN_UNREACHABLE_CODE = YES;
				CLANG_WARN__DUPLICATE_METHOD_MATCH = YES;
				CODE_SIGN_IDENTITY = "iPhone Developer";
				COPY_PHASE_STRIP = NO;
				DEBUG_INFORMATION_FORMAT = "dwarf-with-dsym";
				ENABLE_NS_ASSERTIONS = NO;
				ENABLE_STRICT_OBJC_MSGSEND = YES;
				GCC_C_LANGUAGE_STANDARD = gnu11;
				GCC_NO_COMMON_BLOCKS = YES;
				GCC_WARN_64_TO_32_BIT_CONVERSION = YES;
				GCC_WARN_ABOUT_RETURN_TYPE = YES_ERROR;
				GCC_WARN_UNDECLARED_SELECTOR = YES;
				GCC_WARN_UNINITIALIZED_AUTOS = YES_AGGRESSIVE;
				GCC_WARN_UNUSED_FUNCTION = YES;
				GCC_WARN_UNUSED_VARIABLE = YES;
				IPHONEOS_DEPLOYMENT_TARGET = 12.1;
				MTL_ENABLE_DEBUG_INFO = NO;
				MTL_FAST_MATH = YES;
				SDKROOT = iphoneos;
				VALIDATE_PRODUCT = YES;
			};
			name = Release;
		};
		817C496121DF0F6000FDBF6C /* Debug */ = {
			isa = XCBuildConfiguration;
			buildSettings = {
				ASSETCATALOG_COMPILER_APPICON_NAME = AppIcon;
				CODE_SIGN_STYLE = Automatic;
				DEVELOPMENT_TEAM = 28Z3NQ8CYP;
				INFOPLIST_FILE = designPatternLearning/Info.plist;
				LD_RUNPATH_SEARCH_PATHS = (
					"$(inherited)",
					"@executable_path/Frameworks",
				);
				PRODUCT_BUNDLE_IDENTIFIER = com.zhitian.designPatternLearning;
				PRODUCT_NAME = "$(TARGET_NAME)";
				TARGETED_DEVICE_FAMILY = "1,2";
			};
			name = Debug;
		};
		817C496221DF0F6000FDBF6C /* Release */ = {
			isa = XCBuildConfiguration;
			buildSettings = {
				ASSETCATALOG_COMPILER_APPICON_NAME = AppIcon;
				CODE_SIGN_STYLE = Automatic;
				DEVELOPMENT_TEAM = 28Z3NQ8CYP;
				INFOPLIST_FILE = designPatternLearning/Info.plist;
				LD_RUNPATH_SEARCH_PATHS = (
					"$(inherited)",
					"@executable_path/Frameworks",
				);
				PRODUCT_BUNDLE_IDENTIFIER = com.zhitian.designPatternLearning;
				PRODUCT_NAME = "$(TARGET_NAME)";
				TARGETED_DEVICE_FAMILY = "1,2";
			};
			name = Release;
		};
/* End XCBuildConfiguration section */

/* Begin XCConfigurationList section */
		817C494521DF0F5E00FDBF6C /* Build configuration list for PBXProject "designPatternLearning" */ = {
			isa = XCConfigurationList;
			buildConfigurations = (
				817C495E21DF0F6000FDBF6C /* Debug */,
				817C495F21DF0F6000FDBF6C /* Release */,
			);
			defaultConfigurationIsVisible = 0;
			defaultConfigurationName = Release;
		};
		817C496021DF0F6000FDBF6C /* Build configuration list for PBXNativeTarget "designPatternLearning" */ = {
			isa = XCConfigurationList;
			buildConfigurations = (
				817C496121DF0F6000FDBF6C /* Debug */,
				817C496221DF0F6000FDBF6C /* Release */,
			);
			defaultConfigurationIsVisible = 0;
			defaultConfigurationName = Release;
		};
/* End XCConfigurationList section */
	};
	rootObject = 817C494221DF0F5E00FDBF6C /* Project object */;
}
